
Microsoft Visual Studio Solution File, Format Version 12.00
# Visual Studio Version 17
VisualStudioVersion = 17.9.34723.18
MinimumVisualStudioVersion = 10.0.40219.1
Project("{FAE04EC0-301F-11D3-BF4B-00C04F79EFBC}") = "DisconnectedArchtechture_InMultilayer", "DisconnectedArchtechture_InMultilayer.csproj", "{4F94E6D9-0005-4CCC-8481-7BC3460ECE8C}"
EndProject
Project("{FAE04EC0-301F-11D3-BF4B-00C04F79EFBC}") = "DisconnectedArchtechture_BusinessLogic", "..\DisconnectedArchtechture_BusinessLogic\DisconnectedArchtechture_BusinessLogic.csproj", "{C7D4A9FB-0F62-44C0-ACCF-745F1300B026}"
EndProject
Project("{FAE04EC0-301F-11D3-BF4B-00C04F79EFBC}") = "DisconnectedArchtechture_DataBaseLogic", "..\DisconnectedArchtechture_DataBaseLogic\DisconnectedArchtechture_DataBaseLogic.csproj", "{E7AE0BC3-3C1D-4D85-8737-F90733B618AE}"
EndProject
Project("{FAE04EC0-301F-11D3-BF4B-00C04F79EFBC}") = "DisconnectedArchtechture_RepositaryLayer", "..\DisconnectedArchtechture_RepositaryLayer\DisconnectedArchtechture_RepositaryLayer.csproj", "{BD6C14DC-C22F-4698-8093-451C7413B7CF}"
EndProject
Project("{FAE04EC0-301F-11D3-BF4B-00C04F79EFBC}") = "DisconnectedArchtechture_ServiceLayer", "..\DisconnectedArchtechture_ServiceLayer\DisconnectedArchtechture_ServiceLayer.csproj", "{74ABAB6C-F85C-4796-9D7C-6B808B3DF0E7}"
EndProject
Global
	GlobalSection(SolutionConfigurationPlatforms) = preSolution
		Debug|Any CPU = Debug|Any CPU
		Release|Any CPU = Release|Any CPU
	EndGlobalSection
	GlobalSection(ProjectConfigurationPlatforms) = postSolution
		{4F94E6D9-0005-4CCC-8481-7BC3460ECE8C}.Debug|Any CPU.ActiveCfg = Debug|Any CPU
		{4F94E6D9-0005-4CCC-8481-7BC3460ECE8C}.Debug|Any CPU.Build.0 = Debug|Any CPU
		{4F94E6D9-0005-4CCC-8481-7BC3460ECE8C}.Release|Any CPU.ActiveCfg = Release|Any CPU
		{4F94E6D9-0005-4CCC-8481-7BC3460ECE8C}.Release|Any CPU.Build.0 = Release|Any CPU
		{C7D4A9FB-0F62-44C0-ACCF-745F1300B026}.Debug|Any CPU.ActiveCfg = Debug|Any CPU
		{C7D4A9FB-0F62-44C0-ACCF-745F1300B026}.Debug|Any CPU.Build.0 = Debug|Any CPU
		{C7D4A9FB-0F62-44C0-ACCF-745F1300B026}.Release|Any CPU.ActiveCfg = Release|Any CPU
		{C7D4A9FB-0F62-44C0-ACCF-745F1300B026}.Release|Any CPU.Build.0 = Release|Any CPU
		{E7AE0BC3-3C1D-4D85-8737-F90733B618AE}.Debug|Any CPU.ActiveCfg = Debug|Any CPU
		{E7AE0BC3-3C1D-4D85-8737-F90733B618AE}.Debug|Any CPU.Build.0 = Debug|Any CPU
		{E7AE0BC3-3C1D-4D85-8737-F90733B618AE}.Release|Any CPU.ActiveCfg = Release|Any CPU
		{E7AE0BC3-3C1D-4D85-8737-F90733B618AE}.Release|Any CPU.Build.0 = Release|Any CPU
		{BD6C14DC-C22F-4698-8093-451C7413B7CF}.Debug|Any CPU.ActiveCfg = Debug|Any CPU
		{BD6C14DC-C22F-4698-8093-451C7413B7CF}.Debug|Any CPU.Build.0 = Debug|Any CPU
		{BD6C14DC-C22F-4698-8093-451C7413B7CF}.Release|Any CPU.ActiveCfg = Release|Any CPU
		{BD6C14DC-C22F-4698-8093-451C7413B7CF}.Release|Any CPU.Build.0 = Release|Any CPU
		{74ABAB6C-F85C-4796-9D7C-6B808B3DF0E7}.Debug|Any CPU.ActiveCfg = Debug|Any CPU
		{74ABAB6C-F85C-4796-9D7C-6B808B3DF0E7}.Debug|Any CPU.Build.0 = Debug|Any CPU
		{74ABAB6C-F85C-4796-9D7C-6B808B3DF0E7}.Release|Any CPU.ActiveCfg = Release|Any CPU
		{74ABAB6C-F85C-4796-9D7C-6B808B3DF0E7}.Release|Any CPU.Build.0 = Release|Any CPU
	EndGlobalSection
	GlobalSection(SolutionProperties) = preSolution
		HideSolutionNode = FALSE
	EndGlobalSection
	GlobalSection(ExtensibilityGlobals) = postSolution
		SolutionGuid = {60F03D40-6D02-41E9-AD77-C3BC5F9A7973}
	EndGlobalSection
EndGlobal
